{
  "name": "quiz",
  "version": "0.1.0",
  "lockfileVersion": 3,
  "requires": true,
  "packages": {
    "": {
      "name": "quiz",
      "version": "0.1.0",
      "license": "ISC",
      "devDependencies": {
        "dbmate": "^2.19.0",
        "prettier": "^3.3.3"
      }
    },
    "node_modules/@dbmate/darwin-arm64": {
      "version": "2.19.0",
      "resolved": "https://registry.npmjs.org/@dbmate/darwin-arm64/-/darwin-arm64-2.19.0.tgz",
      "integrity": "sha512-K83EFE1fDDKRD3KzuwbKJhrEfYaG9aadG/Ht0k+uMrMp4K0+frc3qUza/nOWe3dRr46rMaBp6yxPeG8rxOteQg==",
      "cpu": [
        "arm64"
      ],
      "dev": true,
      "license": "MIT",
      "optional": true,
      "os": [
        "darwin"
      ]
    },
    "node_modules/@dbmate/darwin-x64": {
      "version": "2.19.0",
      "resolved": "https://registry.npmjs.org/@dbmate/darwin-x64/-/darwin-x64-2.19.0.tgz",
      "integrity": "sha512-UcMLnfg01tFGCb8AvQM4YqKlaHFw1ME3dJHoVzeQZTszJ2KZkCygAR7vgKBJ72g9Gcml7SSxjdSGqqeR9um6Xg==",
      "cpu": [
        "x64"
      ],
      "dev": true,
      "license": "MIT",
      "optional": true,
      "os": [
        "darwin"
      ]
    },
    "node_modules/@dbmate/linux-arm": {
      "version": "2.19.0",
      "resolved": "https://registry.npmjs.org/@dbmate/linux-arm/-/linux-arm-2.19.0.tgz",
      "integrity": "sha512-/ZvL0ZjFlUKG8ebDkVG5X23JihLB6SYEf8pfxGqOmhJHNJaUhszPjOVBlH7ODgk3XtjYqfdxKqtnTCReocQ5lQ==",
      "cpu": [
        "arm"
      ],
      "dev": true,
      "license": "MIT",
      "optional": true,
      "os": [
        "linux"
      ]
    },
    "node_modules/@dbmate/linux-arm64": {
      "version": "2.19.0",
      "resolved": "https://registry.npmjs.org/@dbmate/linux-arm64/-/linux-arm64-2.19.0.tgz",
      "integrity": "sha512-qZClbAO92q+ow2CfHvl+9MY3qiB9rHR+I4UW8JBQrSjykGgFiBXBWtfot3v6wP+OF7FADwG4/M9t62Z6wVVPQQ==",
      "cpu": [
        "arm64"
      ],
      "dev": true,
      "license": "MIT",
      "optional": true,
      "os": [
        "linux"
      ]
    },
    "node_modules/@dbmate/linux-ia32": {
      "version": "2.19.0",
      "resolved": "https://registry.npmjs.org/@dbmate/linux-ia32/-/linux-ia32-2.19.0.tgz",
      "integrity": "sha512-AfEATx+uA/HUSKfo+Nho03ZP0IOeXHevOb+aKbxsx+xwOsHoVgcvv3F04nYCQQi3JilIzLnk8MQMoEI2Gn4TiQ==",
      "cpu": [
        "ia32"
      ],
      "dev": true,
      "license": "MIT",
      "optional": true,
      "os": [
        "linux"
      ]
    },
    "node_modules/@dbmate/linux-x64": {
      "version": "2.19.0",
      "resolved": "https://registry.npmjs.org/@dbmate/linux-x64/-/linux-x64-2.19.0.tgz",
      "integrity": "sha512-+iFkOxf9vv3stANVPbRQrnnwtsJOHFeEaoJmWSGiLU4mL1wq+aOGFJ0FS5J2C4/eNQ87TcrRcwRMLrkvbKT00A==",
      "cpu": [
        "x64"
      ],
      "dev": true,
      "license": "MIT",
      "optional": true,
      "os": [
        "linux"
      ]
    },
    "node_modules/@dbmate/win32-x64": {
      "version": "2.19.0",
      "resolved": "https://registry.npmjs.org/@dbmate/win32-x64/-/win32-x64-2.19.0.tgz",
      "integrity": "sha512-oZIFDeIA+uAOGNlKNKKef7Me8eXy2SEvdyqKANxqUliADnMQhCBuGFTj3qLqY4WwnfvUGLwjmj6BYoJ+KMDLZg==",
      "cpu": [
        "x64"
      ],
      "dev": true,
      "license": "MIT",
      "optional": true,
      "os": [
        "win32"
      ]
    },
    "node_modules/dbmate": {
      "version": "2.19.0",
      "resolved": "https://registry.npmjs.org/dbmate/-/dbmate-2.19.0.tgz",
      "integrity": "sha512-nZmrLQwayxX5+kjhBFjImJRQu1dp/+1w+4mz3RzF/5ZiCB7CQYFhZ9QjabPFzfjkxG1bMSIPY6beyyALf3xvmg==",
      "dev": true,
      "license": "MIT",
      "bin": {
        "dbmate": "dist/cli.js"
      },
      "optionalDependencies": {
        "@dbmate/darwin-arm64": "2.19.0",
        "@dbmate/darwin-x64": "2.19.0",
        "@dbmate/linux-arm": "2.19.0",
        "@dbmate/linux-arm64": "2.19.0",
        "@dbmate/linux-ia32": "2.19.0",
        "@dbmate/linux-x64": "2.19.0",
        "@dbmate/win32-x64": "2.19.0"
      }
    },
    "node_modules/prettier": {
      "version": "3.3.3",
      "resolved": "https://registry.npmjs.org/prettier/-/prettier-3.3.3.tgz",
      "integrity": "sha512-i2tDNA0O5IrMO757lfrdQZCc2jPNDVntV0m/+4whiDfWaTKfMNgR7Qz0NAeGz/nRqF4m5/6CLzbP4/liHt12Ew==",
      "dev": true,
      "license": "MIT",
      "bin": {
        "prettier": "bin/prettier.cjs"
      },
      "engines": {
        "node": ">=14"
      },
      "funding": {
        "url": "https://github.com/prettier/prettier?sponsor=1"
      }
    },
    "ui": {
      "version": "1.0.0",
      "extraneous": true,
      "license": "ISC"
    }
  }
}
