{
  "name": "quiz",
  "version": "0.1.0",
  "lockfileVersion": 3,
  "requires": true,
  "packages": {
    "": {
      "name": "quiz",
      "version": "0.1.0",
      "license": "ISC",
      "workspaces": [
        "ui"
      ]
    },
    "node_modules/ui": {
      "resolved": "ui",
      "link": true
    },
    "ui": {
      "version": "1.0.0",
      "license": "ISC"
    }
  }
}
